// !$*UTF8*$!
{
	archiveVersion = 1;
	classes = {
	};
	objectVersion = 48;
	objects = {

/* Begin PBXBuildFile section */
		5A1D8346DA7392B51A3F997A /* Pods_NotificationService.framework in Frameworks */ = {isa = PBXBuildFile; fileRef = 728BB716B36CCBCC23156CA2 /* Pods_NotificationService.framework */; };
		AF28B4732074C77E00DCF59F /* NotificationService.m in Sources */ = {isa = PBXBuildFile; fileRef = AF28B4722074C77E00DCF59F /* NotificationService.m */; };
		AF28B4782074C77E00DCF59F /* NotificationService.appex in Embed App Extensions */ = {isa = PBXBuildFile; fileRef = AF28B46F2074C77E00DCF59F /* NotificationService.appex */; settings = {ATTRIBUTES = (RemoveHeadersOnCopy, ); }; };
		AFB3307020735CED00572202 /* AppDelegate.m in Sources */ = {isa = PBXBuildFile; fileRef = AFB3306F20735CED00572202 /* AppDelegate.m */; };
		AFB3307320735CED00572202 /* ViewController.m in Sources */ = {isa = PBXBuildFile; fileRef = AFB3307220735CED00572202 /* ViewController.m */; };
		AFB3307620735CED00572202 /* Main.storyboard in Resources */ = {isa = PBXBuildFile; fileRef = AFB3307420735CED00572202 /* Main.storyboard */; };
		AFB3307820735CED00572202 /* Assets.xcassets in Resources */ = {isa = PBXBuildFile; fileRef = AFB3307720735CED00572202 /* Assets.xcassets */; };
		AFB3307B20735CED00572202 /* LaunchScreen.storyboard in Resources */ = {isa = PBXBuildFile; fileRef = AFB3307920735CED00572202 /* LaunchScreen.storyboard */; };
		AFB3307E20735CED00572202 /* main.m in Sources */ = {isa = PBXBuildFile; fileRef = AFB3307D20735CED00572202 /* main.m */; };
		C1AD961BA5ADD3EF06A82AEF /* Pods_MoEObjCSample.framework in Frameworks */ = {isa = PBXBuildFile; fileRef = 2C7B9BABA4B8B4A29DB82332 /* Pods_MoEObjCSample.framework */; };
/* End PBXBuildFile section */

/* Begin PBXContainerItemProxy section */
		AF28B4752074C77E00DCF59F /* PBXContainerItemProxy */ = {
			isa = PBXContainerItemProxy;
			containerPortal = AFB3306320735CED00572202 /* Project object */;
			proxyType = 1;
			remoteGlobalIDString = AF28B46E2074C77E00DCF59F;
			remoteInfo = NotificationServiceExtension;
		};
/* End PBXContainerItemProxy section */

/* Begin PBXCopyFilesBuildPhase section */
		AF28B4772074C77E00DCF59F /* Embed App Extensions */ = {
			isa = PBXCopyFilesBuildPhase;
			buildActionMask = 2147483647;
			dstPath = "";
			dstSubfolderSpec = 13;
			files = (
				AF28B4782074C77E00DCF59F /* NotificationService.appex in Embed App Extensions */,
			);
			name = "Embed App Extensions";
			runOnlyForDeploymentPostprocessing = 0;
		};
/* End PBXCopyFilesBuildPhase section */

/* Begin PBXFileReference section */
		2C7B9BABA4B8B4A29DB82332 /* Pods_MoEObjCSample.framework */ = {isa = PBXFileReference; explicitFileType = wrapper.framework; includeInIndex = 0; path = Pods_MoEObjCSample.framework; sourceTree = BUILT_PRODUCTS_DIR; };
		5A33B9530B40ADB8DBDC731B /* Pods-NotificationService.debug.xcconfig */ = {isa = PBXFileReference; includeInIndex = 1; lastKnownFileType = text.xcconfig; name = "Pods-NotificationService.debug.xcconfig"; path = "Target Support Files/Pods-NotificationService/Pods-NotificationService.debug.xcconfig"; sourceTree = "<group>"; };
		5E782F42822BAA7F1C13963F /* Pods-MoEObjCSample.release.xcconfig */ = {isa = PBXFileReference; includeInIndex = 1; lastKnownFileType = text.xcconfig; name = "Pods-MoEObjCSample.release.xcconfig"; path = "Target Support Files/Pods-MoEObjCSample/Pods-MoEObjCSample.release.xcconfig"; sourceTree = "<group>"; };
		728BB716B36CCBCC23156CA2 /* Pods_NotificationService.framework */ = {isa = PBXFileReference; explicitFileType = wrapper.framework; includeInIndex = 0; path = Pods_NotificationService.framework; sourceTree = BUILT_PRODUCTS_DIR; };
		AF28B46F2074C77E00DCF59F /* NotificationService.appex */ = {isa = PBXFileReference; explicitFileType = "wrapper.app-extension"; includeInIndex = 0; path = NotificationService.appex; sourceTree = BUILT_PRODUCTS_DIR; };
		AF28B4712074C77E00DCF59F /* NotificationService.h */ = {isa = PBXFileReference; lastKnownFileType = sourcecode.c.h; path = NotificationService.h; sourceTree = "<group>"; };
		AF28B4722074C77E00DCF59F /* NotificationService.m */ = {isa = PBXFileReference; lastKnownFileType = sourcecode.c.objc; path = NotificationService.m; sourceTree = "<group>"; };
		AF28B4742074C77E00DCF59F /* Info.plist */ = {isa = PBXFileReference; lastKnownFileType = text.plist.xml; path = Info.plist; sourceTree = "<group>"; };
		AF51B13A231968E50020235D /* MoEObjCSample.entitlements */ = {isa = PBXFileReference; lastKnownFileType = text.plist.entitlements; path = MoEObjCSample.entitlements; sourceTree = "<group>"; };
		AF51B13B2319693C0020235D /* NotificationService.entitlements */ = {isa = PBXFileReference; lastKnownFileType = text.plist.entitlements; path = NotificationService.entitlements; sourceTree = "<group>"; };
		AFB3306B20735CED00572202 /* MoEObjCSample.app */ = {isa = PBXFileReference; explicitFileType = wrapper.application; includeInIndex = 0; path = MoEObjCSample.app; sourceTree = BUILT_PRODUCTS_DIR; };
		AFB3306E20735CED00572202 /* AppDelegate.h */ = {isa = PBXFileReference; lastKnownFileType = sourcecode.c.h; path = AppDelegate.h; sourceTree = "<group>"; };
		AFB3306F20735CED00572202 /* AppDelegate.m */ = {isa = PBXFileReference; lastKnownFileType = sourcecode.c.objc; path = AppDelegate.m; sourceTree = "<group>"; };
		AFB3307120735CED00572202 /* ViewController.h */ = {isa = PBXFileReference; lastKnownFileType = sourcecode.c.h; path = ViewController.h; sourceTree = "<group>"; };
		AFB3307220735CED00572202 /* ViewController.m */ = {isa = PBXFileReference; lastKnownFileType = sourcecode.c.objc; path = ViewController.m; sourceTree = "<group>"; };
		AFB3307520735CED00572202 /* Base */ = {isa = PBXFileReference; lastKnownFileType = file.storyboard; name = Base; path = Base.lproj/Main.storyboard; sourceTree = "<group>"; };
		AFB3307720735CED00572202 /* Assets.xcassets */ = {isa = PBXFileReference; lastKnownFileType = folder.assetcatalog; path = Assets.xcassets; sourceTree = "<group>"; };
		AFB3307A20735CED00572202 /* Base */ = {isa = PBXFileReference; lastKnownFileType = file.storyboard; name = Base; path = Base.lproj/LaunchScreen.storyboard; sourceTree = "<group>"; };
		AFB3307C20735CED00572202 /* Info.plist */ = {isa = PBXFileReference; lastKnownFileType = text.plist.xml; path = Info.plist; sourceTree = "<group>"; };
		AFB3307D20735CED00572202 /* main.m */ = {isa = PBXFileReference; lastKnownFileType = sourcecode.c.objc; path = main.m; sourceTree = "<group>"; };
		DC6A1F38DDC78302DB92A8AF /* Pods-NotificationService.release.xcconfig */ = {isa = PBXFileReference; includeInIndex = 1; lastKnownFileType = text.xcconfig; name = "Pods-NotificationService.release.xcconfig"; path = "Target Support Files/Pods-NotificationService/Pods-NotificationService.release.xcconfig"; sourceTree = "<group>"; };
		E7EAD1FE06619EB2E0B59C56 /* Pods-MoEObjCSample.debug.xcconfig */ = {isa = PBXFileReference; includeInIndex = 1; lastKnownFileType = text.xcconfig; name = "Pods-MoEObjCSample.debug.xcconfig"; path = "Target Support Files/Pods-MoEObjCSample/Pods-MoEObjCSample.debug.xcconfig"; sourceTree = "<group>"; };
/* End PBXFileReference section */

/* Begin PBXFrameworksBuildPhase section */
		AF28B46C2074C77E00DCF59F /* Frameworks */ = {
			isa = PBXFrameworksBuildPhase;
			buildActionMask = 2147483647;
			files = (
				5A1D8346DA7392B51A3F997A /* Pods_NotificationService.framework in Frameworks */,
			);
			runOnlyForDeploymentPostprocessing = 0;
		};
		AFB3306820735CED00572202 /* Frameworks */ = {
			isa = PBXFrameworksBuildPhase;
			buildActionMask = 2147483647;
			files = (
				C1AD961BA5ADD3EF06A82AEF /* Pods_MoEObjCSample.framework in Frameworks */,
			);
			runOnlyForDeploymentPostprocessing = 0;
		};
/* End PBXFrameworksBuildPhase section */

/* Begin PBXGroup section */
		1E30D672B2EEAD5FE87E3381 /* Pods */ = {
			isa = PBXGroup;
			children = (
				E7EAD1FE06619EB2E0B59C56 /* Pods-MoEObjCSample.debug.xcconfig */,
				5E782F42822BAA7F1C13963F /* Pods-MoEObjCSample.release.xcconfig */,
				5A33B9530B40ADB8DBDC731B /* Pods-NotificationService.debug.xcconfig */,
				DC6A1F38DDC78302DB92A8AF /* Pods-NotificationService.release.xcconfig */,
			);
			path = Pods;
			sourceTree = "<group>";
		};
		4AEE177ABEF1F495F1152457 /* Frameworks */ = {
			isa = PBXGroup;
			children = (
				2C7B9BABA4B8B4A29DB82332 /* Pods_MoEObjCSample.framework */,
				728BB716B36CCBCC23156CA2 /* Pods_NotificationService.framework */,
			);
			name = Frameworks;
			sourceTree = "<group>";
		};
		AF28B4702074C77E00DCF59F /* NotificationService */ = {
			isa = PBXGroup;
			children = (
				AF51B13B2319693C0020235D /* NotificationService.entitlements */,
				AF28B4712074C77E00DCF59F /* NotificationService.h */,
				AF28B4722074C77E00DCF59F /* NotificationService.m */,
				AF28B4742074C77E00DCF59F /* Info.plist */,
			);
			path = NotificationService;
			sourceTree = "<group>";
		};
		AFB3306220735CED00572202 = {
			isa = PBXGroup;
			children = (
				AFB3306D20735CED00572202 /* MoEObjCSample */,
				AF28B4702074C77E00DCF59F /* NotificationService */,
				AFB3306C20735CED00572202 /* Products */,
				1E30D672B2EEAD5FE87E3381 /* Pods */,
				4AEE177ABEF1F495F1152457 /* Frameworks */,
			);
			sourceTree = "<group>";
		};
		AFB3306C20735CED00572202 /* Products */ = {
			isa = PBXGroup;
			children = (
				AFB3306B20735CED00572202 /* MoEObjCSample.app */,
				AF28B46F2074C77E00DCF59F /* NotificationService.appex */,
			);
			name = Products;
			sourceTree = "<group>";
		};
		AFB3306D20735CED00572202 /* MoEObjCSample */ = {
			isa = PBXGroup;
			children = (
				AF51B13A231968E50020235D /* MoEObjCSample.entitlements */,
				AFB3306E20735CED00572202 /* AppDelegate.h */,
				AFB3306F20735CED00572202 /* AppDelegate.m */,
				AFB3307120735CED00572202 /* ViewController.h */,
				AFB3307220735CED00572202 /* ViewController.m */,
				AFB3307420735CED00572202 /* Main.storyboard */,
				AFB3307720735CED00572202 /* Assets.xcassets */,
				AFB3307920735CED00572202 /* LaunchScreen.storyboard */,
				AFB3307C20735CED00572202 /* Info.plist */,
				AFB3307D20735CED00572202 /* main.m */,
			);
			path = MoEObjCSample;
			sourceTree = "<group>";
		};
/* End PBXGroup section */

/* Begin PBXNativeTarget section */
		AF28B46E2074C77E00DCF59F /* NotificationService */ = {
			isa = PBXNativeTarget;
			buildConfigurationList = AF28B4792074C77E00DCF59F /* Build configuration list for PBXNativeTarget "NotificationService" */;
			buildPhases = (
				5DA402808AECC54B71911BAD /* [CP] Check Pods Manifest.lock */,
				AF28B46B2074C77E00DCF59F /* Sources */,
				AF28B46C2074C77E00DCF59F /* Frameworks */,
				AF28B46D2074C77E00DCF59F /* Resources */,
			);
			buildRules = (
			);
			dependencies = (
			);
			name = NotificationService;
			productName = NotificationServiceExtension;
			productReference = AF28B46F2074C77E00DCF59F /* NotificationService.appex */;
			productType = "com.apple.product-type.app-extension";
		};
		AFB3306A20735CED00572202 /* MoEObjCSample */ = {
			isa = PBXNativeTarget;
			buildConfigurationList = AFB3308120735CED00572202 /* Build configuration list for PBXNativeTarget "MoEObjCSample" */;
			buildPhases = (
				B68BDDB80A3F6C07A67BE95C /* [CP] Check Pods Manifest.lock */,
				AFB3306720735CED00572202 /* Sources */,
				AFB3306820735CED00572202 /* Frameworks */,
				AFB3306920735CED00572202 /* Resources */,
				AF28B4772074C77E00DCF59F /* Embed App Extensions */,
				3F0C41A786ABB3E951433EC6 /* [CP] Embed Pods Frameworks */,
			);
			buildRules = (
			);
			dependencies = (
				AF28B4762074C77E00DCF59F /* PBXTargetDependency */,
			);
			name = MoEObjCSample;
			productName = MoEngageObjCIntegration;
			productReference = AFB3306B20735CED00572202 /* MoEObjCSample.app */;
			productType = "com.apple.product-type.application";
		};
/* End PBXNativeTarget section */

/* Begin PBXProject section */
		AFB3306320735CED00572202 /* Project object */ = {
			isa = PBXProject;
			attributes = {
				LastUpgradeCheck = 1120;
				ORGANIZATIONNAME = MoEngage;
				TargetAttributes = {
					AF28B46E2074C77E00DCF59F = {
						CreatedOnToolsVersion = 9.2;
						ProvisioningStyle = Automatic;
						SystemCapabilities = {
							com.apple.Push = {
								enabled = 1;
							};
							com.apple.VPNLite = {
								enabled = 0;
							};
						};
					};
					AFB3306A20735CED00572202 = {
						CreatedOnToolsVersion = 9.2;
						ProvisioningStyle = Automatic;
						SystemCapabilities = {
							com.apple.BackgroundModes = {
								enabled = 1;
							};
							com.apple.Push = {
								enabled = 1;
							};
						};
					};
				};
			};
			buildConfigurationList = AFB3306620735CED00572202 /* Build configuration list for PBXProject "MoEObjCSample" */;
			compatibilityVersion = "Xcode 8.0";
			developmentRegion = en;
			hasScannedForEncodings = 0;
			knownRegions = (
				en,
				Base,
			);
			mainGroup = AFB3306220735CED00572202;
			productRefGroup = AFB3306C20735CED00572202 /* Products */;
			projectDirPath = "";
			projectRoot = "";
			targets = (
				AFB3306A20735CED00572202 /* MoEObjCSample */,
				AF28B46E2074C77E00DCF59F /* NotificationService */,
			);
		};
/* End PBXProject section */

/* Begin PBXResourcesBuildPhase section */
		AF28B46D2074C77E00DCF59F /* Resources */ = {
			isa = PBXResourcesBuildPhase;
			buildActionMask = 2147483647;
			files = (
			);
			runOnlyForDeploymentPostprocessing = 0;
		};
		AFB3306920735CED00572202 /* Resources */ = {
			isa = PBXResourcesBuildPhase;
			buildActionMask = 2147483647;
			files = (
				AFB3307B20735CED00572202 /* LaunchScreen.storyboard in Resources */,
				AFB3307820735CED00572202 /* Assets.xcassets in Resources */,
				AFB3307620735CED00572202 /* Main.storyboard in Resources */,
			);
			runOnlyForDeploymentPostprocessing = 0;
		};
/* End PBXResourcesBuildPhase section */

/* Begin PBXShellScriptBuildPhase section */
		3F0C41A786ABB3E951433EC6 /* [CP] Embed Pods Frameworks */ = {
			isa = PBXShellScriptBuildPhase;
			buildActionMask = 2147483647;
			files = (
			);
			inputPaths = (
				"${PODS_ROOT}/Target Support Files/Pods-MoEObjCSample/Pods-MoEObjCSample-frameworks.sh",
				"${PODS_XCFRAMEWORKS_BUILD_DIR}/MOGeofence/MOGeofence.framework/MOGeofence",
				"${PODS_XCFRAMEWORKS_BUILD_DIR}/MORichNotification/MORichNotification.framework/MORichNotification",
				"${PODS_XCFRAMEWORKS_BUILD_DIR}/MoEngage-iOS-SDK/MoEngage.framework/MoEngage",
				"${PODS_XCFRAMEWORKS_BUILD_DIR}/MoEngage-iOS-SDK/MoEngageCore.framework/MoEngageCore",
				"${PODS_XCFRAMEWORKS_BUILD_DIR}/MoEngage-iOS-SDK/MOAnalytics.framework/MOAnalytics",
				"${PODS_XCFRAMEWORKS_BUILD_DIR}/MoEngage-iOS-SDK/MOMessaging.framework/MOMessaging",
				"${PODS_XCFRAMEWORKS_BUILD_DIR}/MoEngageCards/MOCards.framework/MOCards",
				"${PODS_XCFRAMEWORKS_BUILD_DIR}/MoEngageInApp/MOInApp.framework/MOInApp",
			);
			name = "[CP] Embed Pods Frameworks";
			outputPaths = (
				"${TARGET_BUILD_DIR}/${FRAMEWORKS_FOLDER_PATH}/MOGeofence.framework",
				"${TARGET_BUILD_DIR}/${FRAMEWORKS_FOLDER_PATH}/MORichNotification.framework",
				"${TARGET_BUILD_DIR}/${FRAMEWORKS_FOLDER_PATH}/MoEngage.framework",
				"${TARGET_BUILD_DIR}/${FRAMEWORKS_FOLDER_PATH}/MoEngageCore.framework",
				"${TARGET_BUILD_DIR}/${FRAMEWORKS_FOLDER_PATH}/MOAnalytics.framework",
				"${TARGET_BUILD_DIR}/${FRAMEWORKS_FOLDER_PATH}/MOMessaging.framework",
				"${TARGET_BUILD_DIR}/${FRAMEWORKS_FOLDER_PATH}/MOCards.framework",
				"${TARGET_BUILD_DIR}/${FRAMEWORKS_FOLDER_PATH}/MOInApp.framework",
			);
			runOnlyForDeploymentPostprocessing = 0;
			shellPath = /bin/sh;
			shellScript = "\"${PODS_ROOT}/Target Support Files/Pods-MoEObjCSample/Pods-MoEObjCSample-frameworks.sh\"\n";
			showEnvVarsInLog = 0;
		};
		5DA402808AECC54B71911BAD /* [CP] Check Pods Manifest.lock */ = {
			isa = PBXShellScriptBuildPhase;
			buildActionMask = 2147483647;
			files = (
			);
			inputFileListPaths = (
			);
			inputPaths = (
				"${PODS_PODFILE_DIR_PATH}/Podfile.lock",
				"${PODS_ROOT}/Manifest.lock",
			);
			name = "[CP] Check Pods Manifest.lock";
			outputFileListPaths = (
			);
			outputPaths = (
				"$(DERIVED_FILE_DIR)/Pods-NotificationService-checkManifestLockResult.txt",
			);
			runOnlyForDeploymentPostprocessing = 0;
			shellPath = /bin/sh;
			shellScript = "diff \"${PODS_PODFILE_DIR_PATH}/Podfile.lock\" \"${PODS_ROOT}/Manifest.lock\" > /dev/null\nif [ $? != 0 ] ; then\n    # print error to STDERR\n    echo \"error: The sandbox is not in sync with the Podfile.lock. Run 'pod install' or update your CocoaPods installation.\" >&2\n    exit 1\nfi\n# This output is used by Xcode 'outputs' to avoid re-running this script phase.\necho \"SUCCESS\" > \"${SCRIPT_OUTPUT_FILE_0}\"\n";
			showEnvVarsInLog = 0;
		};
		B68BDDB80A3F6C07A67BE95C /* [CP] Check Pods Manifest.lock */ = {
			isa = PBXShellScriptBuildPhase;
			buildActionMask = 2147483647;
			files = (
			);
			inputFileListPaths = (
			);
			inputPaths = (
				"${PODS_PODFILE_DIR_PATH}/Podfile.lock",
				"${PODS_ROOT}/Manifest.lock",
			);
			name = "[CP] Check Pods Manifest.lock";
			outputFileListPaths = (
			);
			outputPaths = (
				"$(DERIVED_FILE_DIR)/Pods-MoEObjCSample-checkManifestLockResult.txt",
			);
			runOnlyForDeploymentPostprocessing = 0;
			shellPath = /bin/sh;
			shellScript = "diff \"${PODS_PODFILE_DIR_PATH}/Podfile.lock\" \"${PODS_ROOT}/Manifest.lock\" > /dev/null\nif [ $? != 0 ] ; then\n    # print error to STDERR\n    echo \"error: The sandbox is not in sync with the Podfile.lock. Run 'pod install' or update your CocoaPods installation.\" >&2\n    exit 1\nfi\n# This output is used by Xcode 'outputs' to avoid re-running this script phase.\necho \"SUCCESS\" > \"${SCRIPT_OUTPUT_FILE_0}\"\n";
			showEnvVarsInLog = 0;
		};
/* End PBXShellScriptBuildPhase section */

/* Begin PBXSourcesBuildPhase section */
		AF28B46B2074C77E00DCF59F /* Sources */ = {
			isa = PBXSourcesBuildPhase;
			buildActionMask = 2147483647;
			files = (
				AF28B4732074C77E00DCF59F /* NotificationService.m in Sources */,
			);
			runOnlyForDeploymentPostprocessing = 0;
		};
		AFB3306720735CED00572202 /* Sources */ = {
			isa = PBXSourcesBuildPhase;
			buildActionMask = 2147483647;
			files = (
				AFB3307320735CED00572202 /* ViewController.m in Sources */,
				AFB3307E20735CED00572202 /* main.m in Sources */,
				AFB3307020735CED00572202 /* AppDelegate.m in Sources */,
			);
			runOnlyForDeploymentPostprocessing = 0;
		};
/* End PBXSourcesBuildPhase section */

/* Begin PBXTargetDependency section */
		AF28B4762074C77E00DCF59F /* PBXTargetDependency */ = {
			isa = PBXTargetDependency;
			target = AF28B46E2074C77E00DCF59F /* NotificationService */;
			targetProxy = AF28B4752074C77E00DCF59F /* PBXContainerItemProxy */;
		};
/* End PBXTargetDependency section */

/* Begin PBXVariantGroup section */
		AFB3307420735CED00572202 /* Main.storyboard */ = {
			isa = PBXVariantGroup;
			children = (
				AFB3307520735CED00572202 /* Base */,
			);
			name = Main.storyboard;
			sourceTree = "<group>";
		};
		AFB3307920735CED00572202 /* LaunchScreen.storyboard */ = {
			isa = PBXVariantGroup;
			children = (
				AFB3307A20735CED00572202 /* Base */,
			);
			name = LaunchScreen.storyboard;
			sourceTree = "<group>";
		};
/* End PBXVariantGroup section */

/* Begin XCBuildConfiguration section */
		AF28B47A2074C77E00DCF59F /* Debug */ = {
			isa = XCBuildConfiguration;
			baseConfigurationReference = 5A33B9530B40ADB8DBDC731B /* Pods-NotificationService.debug.xcconfig */;
			buildSettings = {
				ALWAYS_EMBED_SWIFT_STANDARD_LIBRARIES = YES;
				CODE_SIGN_ENTITLEMENTS = NotificationService/NotificationService.entitlements;
				CODE_SIGN_IDENTITY = "iPhone Developer";
				CODE_SIGN_STYLE = Automatic;
				CURRENT_PROJECT_VERSION = 11.0;
				DEVELOPMENT_TEAM = BPWYRAF5X7;
				INFOPLIST_FILE = NotificationService/Info.plist;
				IPHONEOS_DEPLOYMENT_TARGET = 10.0;
				LD_RUNPATH_SEARCH_PATHS = "$(inherited) @executable_path/Frameworks @executable_path/../../Frameworks";
				MARKETING_VERSION = 2.0;
				PRODUCT_BUNDLE_IDENTIFIER = com.moengage.SampleApp.NotificationServices;
				PRODUCT_NAME = "$(TARGET_NAME)";
				PROVISIONING_PROFILE_SPECIFIER = "";
				SKIP_INSTALL = YES;
				TARGETED_DEVICE_FAMILY = "1,2";
			};
			name = Debug;
		};
		AF28B47B2074C77E00DCF59F /* Release */ = {
			isa = XCBuildConfiguration;
			baseConfigurationReference = DC6A1F38DDC78302DB92A8AF /* Pods-NotificationService.release.xcconfig */;
			buildSettings = {
				ALWAYS_EMBED_SWIFT_STANDARD_LIBRARIES = YES;
				CODE_SIGN_ENTITLEMENTS = NotificationService/NotificationService.entitlements;
				CODE_SIGN_IDENTITY = "iPhone Developer";
				CODE_SIGN_STYLE = Automatic;
				CURRENT_PROJECT_VERSION = 11.0;
				DEVELOPMENT_TEAM = BPWYRAF5X7;
				INFOPLIST_FILE = NotificationService/Info.plist;
				IPHONEOS_DEPLOYMENT_TARGET = 10.0;
				LD_RUNPATH_SEARCH_PATHS = "$(inherited) @executable_path/Frameworks @executable_path/../../Frameworks";
				MARKETING_VERSION = 2.0;
				PRODUCT_BUNDLE_IDENTIFIER = com.moengage.SampleApp.NotificationServices;
				PRODUCT_NAME = "$(TARGET_NAME)";
				PROVISIONING_PROFILE_SPECIFIER = "";
				SKIP_INSTALL = YES;
				TARGETED_DEVICE_FAMILY = "1,2";
			};
			name = Release;
		};
		AFB3307F20735CED00572202 /* Debug */ = {
			isa = XCBuildConfiguration;
			buildSettings = {
				ALWAYS_SEARCH_USER_PATHS = NO;
				CLANG_ANALYZER_NONNULL = YES;
				CLANG_ANALYZER_NUMBER_OBJECT_CONVERSION = YES_AGGRESSIVE;
				CLANG_CXX_LANGUAGE_STANDARD = "gnu++14";
				CLANG_CXX_LIBRARY = "libc++";
				CLANG_ENABLE_MODULES = YES;
				CLANG_ENABLE_OBJC_ARC = YES;
				CLANG_WARN_BLOCK_CAPTURE_AUTORELEASING = YES;
				CLANG_WARN_BOOL_CONVERSION = YES;
				CLANG_WARN_COMMA = YES;
				CLANG_WARN_CONSTANT_CONVERSION = YES;
				CLANG_WARN_DEPRECATED_OBJC_IMPLEMENTATIONS = YES;
				CLANG_WARN_DIRECT_OBJC_ISA_USAGE = YES_ERROR;
				CLANG_WARN_DOCUMENTATION_COMMENTS = YES;
				CLANG_WARN_EMPTY_BODY = YES;
				CLANG_WARN_ENUM_CONVERSION = YES;
				CLANG_WARN_INFINITE_RECURSION = YES;
				CLANG_WARN_INT_CONVERSION = YES;
				CLANG_WARN_NON_LITERAL_NULL_CONVERSION = YES;
				CLANG_WARN_OBJC_IMPLICIT_RETAIN_SELF = YES;
				CLANG_WARN_OBJC_LITERAL_CONVERSION = YES;
				CLANG_WARN_OBJC_ROOT_CLASS = YES_ERROR;
				CLANG_WARN_RANGE_LOOP_ANALYSIS = YES;
				CLANG_WARN_STRICT_PROTOTYPES = YES;
				CLANG_WARN_SUSPICIOUS_MOVE = YES;
				CLANG_WARN_UNGUARDED_AVAILABILITY = YES_AGGRESSIVE;
				CLANG_WARN_UNREACHABLE_CODE = YES;
				CLANG_WARN__DUPLICATE_METHOD_MATCH = YES;
				CODE_SIGN_IDENTITY = "iPhone Developer";
				COPY_PHASE_STRIP = NO;
				DEBUG_INFORMATION_FORMAT = dwarf;
				ENABLE_STRICT_OBJC_MSGSEND = YES;
				ENABLE_TESTABILITY = YES;
				GCC_C_LANGUAGE_STANDARD = gnu11;
				GCC_DYNAMIC_NO_PIC = NO;
				GCC_NO_COMMON_BLOCKS = YES;
				GCC_OPTIMIZATION_LEVEL = 0;
				GCC_PREPROCESSOR_DEFINITIONS = (
					"DEBUG=1",
					"$(inherited)",
				);
				GCC_WARN_64_TO_32_BIT_CONVERSION = YES;
				GCC_WARN_ABOUT_RETURN_TYPE = YES_ERROR;
				GCC_WARN_UNDECLARED_SELECTOR = YES;
				GCC_WARN_UNINITIALIZED_AUTOS = YES_AGGRESSIVE;
				GCC_WARN_UNUSED_FUNCTION = YES;
				GCC_WARN_UNUSED_VARIABLE = YES;
				IPHONEOS_DEPLOYMENT_TARGET = 10.0;
				MTL_ENABLE_DEBUG_INFO = YES;
				ONLY_ACTIVE_ARCH = YES;
				SDKROOT = iphoneos;
			};
			name = Debug;
		};
		AFB3308020735CED00572202 /* Release */ = {
			isa = XCBuildConfiguration;
			buildSettings = {
				ALWAYS_SEARCH_USER_PATHS = NO;
				CLANG_ANALYZER_NONNULL = YES;
				CLANG_ANALYZER_NUMBER_OBJECT_CONVERSION = YES_AGGRESSIVE;
				CLANG_CXX_LANGUAGE_STANDARD = "gnu++14";
				CLANG_CXX_LIBRARY = "libc++";
				CLANG_ENABLE_MODULES = YES;
				CLANG_ENABLE_OBJC_ARC = YES;
				CLANG_WARN_BLOCK_CAPTURE_AUTORELEASING = YES;
				CLANG_WARN_BOOL_CONVERSION = YES;
				CLANG_WARN_COMMA = YES;
				CLANG_WARN_CONSTANT_CONVERSION = YES;
				CLANG_WARN_DEPRECATED_OBJC_IMPLEMENTATIONS = YES;
				CLANG_WARN_DIRECT_OBJC_ISA_USAGE = YES_ERROR;
				CLANG_WARN_DOCUMENTATION_COMMENTS = YES;
				CLANG_WARN_EMPTY_BODY = YES;
				CLANG_WARN_ENUM_CONVERSION = YES;
				CLANG_WARN_INFINITE_RECURSION = YES;
				CLANG_WARN_INT_CONVERSION = YES;
				CLANG_WARN_NON_LITERAL_NULL_CONVERSION = YES;
				CLANG_WARN_OBJC_IMPLICIT_RETAIN_SELF = YES;
				CLANG_WARN_OBJC_LITERAL_CONVERSION = YES;
				CLANG_WARN_OBJC_ROOT_CLASS = YES_ERROR;
				CLANG_WARN_RANGE_LOOP_ANALYSIS = YES;
				CLANG_WARN_STRICT_PROTOTYPES = YES;
				CLANG_WARN_SUSPICIOUS_MOVE = YES;
				CLANG_WARN_UNGUARDED_AVAILABILITY = YES_AGGRESSIVE;
				CLANG_WARN_UNREACHABLE_CODE = YES;
				CLANG_WARN__DUPLICATE_METHOD_MATCH = YES;
				CODE_SIGN_IDENTITY = "iPhone Developer";
				COPY_PHASE_STRIP = NO;
				DEBUG_INFORMATION_FORMAT = "dwarf-with-dsym";
				ENABLE_NS_ASSERTIONS = NO;
				ENABLE_STRICT_OBJC_MSGSEND = YES;
				GCC_C_LANGUAGE_STANDARD = gnu11;
				GCC_NO_COMMON_BLOCKS = YES;
				GCC_WARN_64_TO_32_BIT_CONVERSION = YES;
				GCC_WARN_ABOUT_RETURN_TYPE = YES_ERROR;
				GCC_WARN_UNDECLARED_SELECTOR = YES;
				GCC_WARN_UNINITIALIZED_AUTOS = YES_AGGRESSIVE;
				GCC_WARN_UNUSED_FUNCTION = YES;
				GCC_WARN_UNUSED_VARIABLE = YES;
				IPHONEOS_DEPLOYMENT_TARGET = 10.0;
				MTL_ENABLE_DEBUG_INFO = NO;
				SDKROOT = iphoneos;
				VALIDATE_PRODUCT = YES;
			};
			name = Release;
		};
		AFB3308220735CED00572202 /* Debug */ = {
			isa = XCBuildConfiguration;
			baseConfigurationReference = E7EAD1FE06619EB2E0B59C56 /* Pods-MoEObjCSample.debug.xcconfig */;
			buildSettings = {
				ALWAYS_EMBED_SWIFT_STANDARD_LIBRARIES = YES;
				ASSETCATALOG_COMPILER_APPICON_NAME = AppIcon;
				CODE_SIGN_ENTITLEMENTS = MoEObjCSample/MoEObjCSample.entitlements;
				CODE_SIGN_STYLE = Automatic;
				CURRENT_PROJECT_VERSION = 11.0;
				DEVELOPMENT_TEAM = BPWYRAF5X7;
				INFOPLIST_FILE = "$(SRCROOT)/MoEObjCSample/Info.plist";
				IPHONEOS_DEPLOYMENT_TARGET = 10.0;
				LD_RUNPATH_SEARCH_PATHS = "$(inherited) @executable_path/Frameworks";
				MARKETING_VERSION = 2.0;
				PRODUCT_BUNDLE_IDENTIFIER = com.moengage.SampleApp;
				PRODUCT_NAME = "$(TARGET_NAME)";
				TARGETED_DEVICE_FAMILY = "1,2";
			};
			name = Debug;
		};
		AFB3308320735CED00572202 /* Release */ = {
			isa = XCBuildConfiguration;
			baseConfigurationReference = 5E782F42822BAA7F1C13963F /* Pods-MoEObjCSample.release.xcconfig */;
			buildSettings = {
				ALWAYS_EMBED_SWIFT_STANDARD_LIBRARIES = YES;
				ASSETCATALOG_COMPILER_APPICON_NAME = AppIcon;
				CODE_SIGN_ENTITLEMENTS = MoEObjCSample/MoEObjCSample.entitlements;
				CODE_SIGN_STYLE = Automatic;
				CURRENT_PROJECT_VERSION = 11.0;
				DEVELOPMENT_TEAM = BPWYRAF5X7;
				INFOPLIST_FILE = "$(SRCROOT)/MoEObjCSample/Info.plist";
				IPHONEOS_DEPLOYMENT_TARGET = 10.0;
				LD_RUNPATH_SEARCH_PATHS = "$(inherited) @executable_path/Frameworks";
				MARKETING_VERSION = 2.0;
				PRODUCT_BUNDLE_IDENTIFIER = com.moengage.SampleApp;
				PRODUCT_NAME = "$(TARGET_NAME)";
				TARGETED_DEVICE_FAMILY = "1,2";
			};
			name = Release;
		};
/* End XCBuildConfiguration section */

/* Begin XCConfigurationList section */
		AF28B4792074C77E00DCF59F /* Build configuration list for PBXNativeTarget "NotificationService" */ = {
			isa = XCConfigurationList;
			buildConfigurations = (
				AF28B47A2074C77E00DCF59F /* Debug */,
				AF28B47B2074C77E00DCF59F /* Release */,
			);
			defaultConfigurationIsVisible = 0;
			defaultConfigurationName = Release;
		};
		AFB3306620735CED00572202 /* Build configuration list for PBXProject "MoEObjCSample" */ = {
			isa = XCConfigurationList;
			buildConfigurations = (
				AFB3307F20735CED00572202 /* Debug */,
				AFB3308020735CED00572202 /* Release */,
			);
			defaultConfigurationIsVisible = 0;
			defaultConfigurationName = Release;
		};
		AFB3308120735CED00572202 /* Build configuration list for PBXNativeTarget "MoEObjCSample" */ = {
			isa = XCConfigurationList;
			buildConfigurations = (
				AFB3308220735CED00572202 /* Debug */,
				AFB3308320735CED00572202 /* Release */,
			);
			defaultConfigurationIsVisible = 0;
			defaultConfigurationName = Release;
		};
/* End XCConfigurationList section */
	};
	rootObject = AFB3306320735CED00572202 /* Project object */;
}
