PODS:
  - MoEngage-iOS-SDK (7.0.2):
    - MORichNotification (< 5.1.0, >= 5.0.0)
  - MoEngageCards (2.0.3):
    - MoEngage-iOS-SDK (< 7.1.0, >= 7.0.0)
  - MoEngageInApp (2.0.2):
    - MoEngage-iOS-SDK (< 7.1.0, >= 7.0.0)
  - MOGeofence (3.0.1):
    - MoEngage-iOS-SDK (< 7.1.0, >= 7.0.0)
  - MORichNotification (5.0.0)

DEPENDENCIES:
  - MoEngage-iOS-SDK (from `../../`)
  - MoEngageCards (from `../../`)
  - MoEngageInApp (from `../../`)
  - MOGeofence (from `../../`)
  - MORichNotification (from `../../`)

EXTERNAL SOURCES:
  MoEngage-iOS-SDK:
    :path: "../../"
  MoEngageCards:
    :path: "../../"
  MoEngageInApp:
    :path: "../../"
  MOGeofence:
    :path: "../../"
  MORichNotification:
    :path: "../../"

SPEC CHECKSUMS:
  MoEngage-iOS-SDK: 6c417155f8a8bd39f1047aa64a7773c73ca1953b
  MoEngageCards: 50574257a3b56f96b426e7eaef617e5707bbdb0e
  MoEngageInApp: daf85a52c4a3d5dc663f31c23589a60b513acb64
  MOGeofence: 5e139f99a3b319e9ca17ab39dd1dcae5dfd53df8
  MORichNotification: abf1f1aaed3a9366dc8e966c55652bff7716b3b8

PODFILE CHECKSUM: 5ae081b19f8dd2874e3dd67096c3fc1fb93eff36

COCOAPODS: 1.10.1
