PODS:
  - MoEngage-iOS-SDK (7.0.4):
    - MORichNotification (< 5.1.0, >= 5.0.0)
  - MoEngageCards (2.0.4):
    - MoEngage-iOS-SDK (< 7.1.0, >= 7.0.0)
  - MoEngageInApp (2.0.3):
    - MoEngage-iOS-SDK (< 7.1.0, >= 7.0.0)
  - MOGeofence (3.0.1):
    - MoEngage-iOS-SDK (< 7.1.0, >= 7.0.0)
  - MORichNotification (5.0.0)

DEPENDENCIES:
  - MoEngage-iOS-SDK (from `../../`)
  - MoEngageCards (from `../../`)
  - MoEngageInApp (from `../../`)
  - MOGeofence (from `../../`)
  - MORichNotification (from `../../`)

EXTERNAL SOURCES:
  MoEngage-iOS-SDK:
    :path: "../../"
  MoEngageCards:
    :path: "../../"
  MoEngageInApp:
    :path: "../../"
  MOGeofence:
    :path: "../../"
  MORichNotification:
    :path: "../../"

SPEC CHECKSUMS:
  MoEngage-iOS-SDK: 71451fb44893536b0c70ff7dace1989e6fa734ff
  MoEngageCards: 7eb8247cd4917ae06dab850d1a4c91865f989f1c
  MoEngageInApp: 2a240b32d416696471fc3d9093475e622260adca
  MOGeofence: 5e139f99a3b319e9ca17ab39dd1dcae5dfd53df8
  MORichNotification: abf1f1aaed3a9366dc8e966c55652bff7716b3b8

PODFILE CHECKSUM: 7aefd2e4c4cd018e603a889689485ac606e2e4cb

COCOAPODS: 1.10.1
