PODS:
  - MoEngage-iOS-SDK (6.0.1)
  - MoEngageInApp (1.0.0):
    - MoEngage-iOS-SDK (~> 6.0.0)
  - MOGeofence (2.0.0):
    - MoEngage-iOS-SDK (~> 6.0.0)
  - MORichNotification (3.1.1)

DEPENDENCIES:
  - MoEngage-iOS-SDK (from `../../`)
  - MoEngageInApp (from `../../`)
  - MOGeofence (from `../../`)
  - MORichNotification (from `../../`)

EXTERNAL SOURCES:
  MoEngage-iOS-SDK:
    :path: "../../"
  MoEngageInApp:
    :path: "../../"
  MOGeofence:
    :path: "../../"
  MORichNotification:
    :path: "../../"

SPEC CHECKSUMS:
  MoEngage-iOS-SDK: 65e976cbbb11850925b609cfae0a0d7dd3f962e9
  MoEngageInApp: 2111c128f2b4d8779a75b58302a88829a21f1912
  MOGeofence: e7cef5f242ac4de16012a89e24ee98e1d26065d1
  MORichNotification: 5937217a088bdeb2fa79e8a681d992d89beea083

PODFILE CHECKSUM: e10e82069aa704642ef03323ecc18b6c37202588

COCOAPODS: 1.8.4
